<Solution>
  <Folder Name="/Data/" />
  <Folder Name="/Entities/">
    <Project Path="KataCheckout.Entities/KataCheckout.Entities.csproj" Id="a0023c46-70a4-4ff3-9061-155d4b47a73f" />
  </Folder>
  <Folder Name="/Interfaces/">
    <Project Path="KataCheckout.Interfaces/KataCheckout.Interfaces.csproj" Id="23bf1812-11e1-4dd0-8a6e-f8d80f62fa1e" />
  </Folder>
  <Folder Name="/Logic/">
    <Project Path="KataCheckout.Common/KataCheckout.Common.csproj" Id="254e463e-13d5-4968-94bc-b779448a2b5e" />
    <Project Path="KataCheckout.Logic/KataCheckout.Logic.csproj" Id="b2c0cc0f-0516-409a-be54-7525c4ecf6da" />
  </Folder>
  <Folder Name="/Tests/">
    <Project Path="KataCheckout.Tests/KataCheckout.Entities.Tests/KataCheckout.Entities.Tests.csproj" Id="c40daaf7-a2de-492a-a7a2-d2649e846093" />
    <Project Path="KataCheckout.Tests/KataCheckout.Logic.Tests/KataCheckout.Logic.Tests.csproj" Id="26686f3e-4a80-478b-8f20-c425a55edd4e" />
    <Project Path="KataCheckout.Tests/KataCheckout.Tests.Common/KataCheckout.Tests.Common.csproj" Id="d460c044-fbc6-46ab-af42-35b4935d8be4" />
  </Folder>
</Solution>
